
Microsoft Visual Studio Solution File, Format Version 12.00
# Visual Studio Version 16
VisualStudioVersion = 16.0.33801.447
MinimumVisualStudioVersion = 10.0.40219.1
Project("{FAE04EC0-301F-11D3-BF4B-00C04F79EFBC}") = "WPF_UI_Tutorials_02_TreeViews", "WPF_UI_Tutorials_02_TreeViews\WPF_UI_Tutorials_02_TreeViews.csproj", "{A2D059BC-A24D-40AF-AFA1-FC6F3A15715D}"
EndProject
Global
	GlobalSection(SolutionConfigurationPlatforms) = preSolution
		Debug|Any CPU = Debug|Any CPU
		Release|Any CPU = Release|Any CPU
	EndGlobalSection
	GlobalSection(ProjectConfigurationPlatforms) = postSolution
		{A2D059BC-A24D-40AF-AFA1-FC6F3A15715D}.Debug|Any CPU.ActiveCfg = Debug|Any CPU
		{A2D059BC-A24D-40AF-AFA1-FC6F3A15715D}.Debug|Any CPU.Build.0 = Debug|Any CPU
		{A2D059BC-A24D-40AF-AFA1-FC6F3A15715D}.Release|Any CPU.ActiveCfg = Release|Any CPU
		{A2D059BC-A24D-40AF-AFA1-FC6F3A15715D}.Release|Any CPU.Build.0 = Release|Any CPU
	EndGlobalSection
	GlobalSection(SolutionProperties) = preSolution
		HideSolutionNode = FALSE
	EndGlobalSection
	GlobalSection(ExtensibilityGlobals) = postSolution
		SolutionGuid = {D34B35C9-2857-4791-BCBD-A20F025BF141}
	EndGlobalSection
EndGlobal
