
Microsoft Visual Studio Solution File, Format Version 12.00
# Visual Studio Version 16
VisualStudioVersion = 16.0.33801.447
MinimumVisualStudioVersion = 10.0.40219.1
Project("{FAE04EC0-301F-11D3-BF4B-00C04F79EFBC}") = "Lambda kifejezések", "Lambda kifejezések\Lambda kifejezések.csproj", "{699C1A83-B761-4B39-A743-B3D44C32514D}"
EndProject
Global
	GlobalSection(SolutionConfigurationPlatforms) = preSolution
		Debug|Any CPU = Debug|Any CPU
		Release|Any CPU = Release|Any CPU
	EndGlobalSection
	GlobalSection(ProjectConfigurationPlatforms) = postSolution
		{699C1A83-B761-4B39-A743-B3D44C32514D}.Debug|Any CPU.ActiveCfg = Debug|Any CPU
		{699C1A83-B761-4B39-A743-B3D44C32514D}.Debug|Any CPU.Build.0 = Debug|Any CPU
		{699C1A83-B761-4B39-A743-B3D44C32514D}.Release|Any CPU.ActiveCfg = Release|Any CPU
		{699C1A83-B761-4B39-A743-B3D44C32514D}.Release|Any CPU.Build.0 = Release|Any CPU
	EndGlobalSection
	GlobalSection(SolutionProperties) = preSolution
		HideSolutionNode = FALSE
	EndGlobalSection
	GlobalSection(ExtensibilityGlobals) = postSolution
		SolutionGuid = {D5A5E3A4-93C0-4DDA-BA2D-D125D2A09163}
	EndGlobalSection
EndGlobal
