
Microsoft Visual Studio Solution File, Format Version 12.00
# Visual Studio Version 17
VisualStudioVersion = 17.7.34031.279
MinimumVisualStudioVersion = 10.0.40219.1
Project("{FAE04EC0-301F-11D3-BF4B-00C04F79EFBC}") = "negy-harom", "negy-harom\negy-harom.csproj", "{17E70930-3BEE-468B-B80D-5B1032F868C0}"
EndProject
Global
	GlobalSection(SolutionConfigurationPlatforms) = preSolution
		Debug|Any CPU = Debug|Any CPU
		Release|Any CPU = Release|Any CPU
	EndGlobalSection
	GlobalSection(ProjectConfigurationPlatforms) = postSolution
		{17E70930-3BEE-468B-B80D-5B1032F868C0}.Debug|Any CPU.ActiveCfg = Debug|Any CPU
		{17E70930-3BEE-468B-B80D-5B1032F868C0}.Debug|Any CPU.Build.0 = Debug|Any CPU
		{17E70930-3BEE-468B-B80D-5B1032F868C0}.Release|Any CPU.ActiveCfg = Release|Any CPU
		{17E70930-3BEE-468B-B80D-5B1032F868C0}.Release|Any CPU.Build.0 = Release|Any CPU
	EndGlobalSection
	GlobalSection(SolutionProperties) = preSolution
		HideSolutionNode = FALSE
	EndGlobalSection
	GlobalSection(ExtensibilityGlobals) = postSolution
		SolutionGuid = {ADFE250A-1747-40FF-A6B6-6551526EA968}
	EndGlobalSection
EndGlobal
