
Microsoft Visual Studio Solution File, Format Version 12.00
# Visual Studio Version 17
VisualStudioVersion = 17.9.34607.119
MinimumVisualStudioVersion = 10.0.40219.1
Project("{FAE04EC0-301F-11D3-BF4B-00C04F79EFBC}") = "loginpage", "loginpage\loginpage.csproj", "{C23F1C95-7147-4353-9B3E-9F64A6D6F625}"
EndProject
Global
	GlobalSection(SolutionConfigurationPlatforms) = preSolution
		Debug|Any CPU = Debug|Any CPU
		Release|Any CPU = Release|Any CPU
	EndGlobalSection
	GlobalSection(ProjectConfigurationPlatforms) = postSolution
		{C23F1C95-7147-4353-9B3E-9F64A6D6F625}.Debug|Any CPU.ActiveCfg = Debug|Any CPU
		{C23F1C95-7147-4353-9B3E-9F64A6D6F625}.Debug|Any CPU.Build.0 = Debug|Any CPU
		{C23F1C95-7147-4353-9B3E-9F64A6D6F625}.Release|Any CPU.ActiveCfg = Release|Any CPU
		{C23F1C95-7147-4353-9B3E-9F64A6D6F625}.Release|Any CPU.Build.0 = Release|Any CPU
	EndGlobalSection
	GlobalSection(SolutionProperties) = preSolution
		HideSolutionNode = FALSE
	EndGlobalSection
	GlobalSection(ExtensibilityGlobals) = postSolution
		SolutionGuid = {C2E65B50-3734-431F-959F-AF6653E1D487}
	EndGlobalSection
EndGlobal
