
Microsoft Visual Studio Solution File, Format Version 12.00
# Visual Studio Version 16
VisualStudioVersion = 16.0.33801.447
MinimumVisualStudioVersion = 10.0.40219.1
Project("{FAE04EC0-301F-11D3-BF4B-00C04F79EFBC}") = "ketto-ot", "ketto-ot\ketto-ot.csproj", "{5661E760-5243-42DD-A432-5782386F075D}"
EndProject
Global
	GlobalSection(SolutionConfigurationPlatforms) = preSolution
		Debug|Any CPU = Debug|Any CPU
		Release|Any CPU = Release|Any CPU
	EndGlobalSection
	GlobalSection(ProjectConfigurationPlatforms) = postSolution
		{5661E760-5243-42DD-A432-5782386F075D}.Debug|Any CPU.ActiveCfg = Debug|Any CPU
		{5661E760-5243-42DD-A432-5782386F075D}.Debug|Any CPU.Build.0 = Debug|Any CPU
		{5661E760-5243-42DD-A432-5782386F075D}.Release|Any CPU.ActiveCfg = Release|Any CPU
		{5661E760-5243-42DD-A432-5782386F075D}.Release|Any CPU.Build.0 = Release|Any CPU
	EndGlobalSection
	GlobalSection(SolutionProperties) = preSolution
		HideSolutionNode = FALSE
	EndGlobalSection
	GlobalSection(ExtensibilityGlobals) = postSolution
		SolutionGuid = {00F3A9DB-2095-4F63-905B-DE7C0C9FEAF1}
	EndGlobalSection
EndGlobal
