
Microsoft Visual Studio Solution File, Format Version 12.00
# Visual Studio Version 16
VisualStudioVersion = 16.0.33801.447
MinimumVisualStudioVersion = 10.0.40219.1
Project("{FAE04EC0-301F-11D3-BF4B-00C04F79EFBC}") = "ketto-egy", "ketto-egy\ketto-egy.csproj", "{FE7CA980-97DE-4B74-968E-5257221FD3E8}"
EndProject
Global
	GlobalSection(SolutionConfigurationPlatforms) = preSolution
		Debug|Any CPU = Debug|Any CPU
		Release|Any CPU = Release|Any CPU
	EndGlobalSection
	GlobalSection(ProjectConfigurationPlatforms) = postSolution
		{FE7CA980-97DE-4B74-968E-5257221FD3E8}.Debug|Any CPU.ActiveCfg = Debug|Any CPU
		{FE7CA980-97DE-4B74-968E-5257221FD3E8}.Debug|Any CPU.Build.0 = Debug|Any CPU
		{FE7CA980-97DE-4B74-968E-5257221FD3E8}.Release|Any CPU.ActiveCfg = Release|Any CPU
		{FE7CA980-97DE-4B74-968E-5257221FD3E8}.Release|Any CPU.Build.0 = Release|Any CPU
	EndGlobalSection
	GlobalSection(SolutionProperties) = preSolution
		HideSolutionNode = FALSE
	EndGlobalSection
	GlobalSection(ExtensibilityGlobals) = postSolution
		SolutionGuid = {2FA14C5D-92DD-47D5-A6F9-2E6EC70B414B}
	EndGlobalSection
EndGlobal
