
Microsoft Visual Studio Solution File, Format Version 12.00
# Visual Studio Version 17
VisualStudioVersion = 17.7.34031.279
MinimumVisualStudioVersion = 10.0.40219.1
Project("{FAE04EC0-301F-11D3-BF4B-00C04F79EFBC}") = "negy-nyolc", "negy-nyolc\negy-nyolc.csproj", "{38475D5F-F54F-48D0-933F-C6633EF31B81}"
EndProject
Global
	GlobalSection(SolutionConfigurationPlatforms) = preSolution
		Debug|Any CPU = Debug|Any CPU
		Release|Any CPU = Release|Any CPU
	EndGlobalSection
	GlobalSection(ProjectConfigurationPlatforms) = postSolution
		{38475D5F-F54F-48D0-933F-C6633EF31B81}.Debug|Any CPU.ActiveCfg = Debug|Any CPU
		{38475D5F-F54F-48D0-933F-C6633EF31B81}.Debug|Any CPU.Build.0 = Debug|Any CPU
		{38475D5F-F54F-48D0-933F-C6633EF31B81}.Release|Any CPU.ActiveCfg = Release|Any CPU
		{38475D5F-F54F-48D0-933F-C6633EF31B81}.Release|Any CPU.Build.0 = Release|Any CPU
	EndGlobalSection
	GlobalSection(SolutionProperties) = preSolution
		HideSolutionNode = FALSE
	EndGlobalSection
	GlobalSection(ExtensibilityGlobals) = postSolution
		SolutionGuid = {A8B03794-DA48-48A3-8C9A-9B904D4DA680}
	EndGlobalSection
EndGlobal
