
Microsoft Visual Studio Solution File, Format Version 12.00
# Visual Studio Version 16
VisualStudioVersion = 16.0.33801.447
MinimumVisualStudioVersion = 10.0.40219.1
Project("{FAE04EC0-301F-11D3-BF4B-00C04F79EFBC}") = "mozi", "mozi\mozi.csproj", "{3AC5D76F-3ED2-4FA6-99B2-0B0EFD9F78AE}"
EndProject
Global
	GlobalSection(SolutionConfigurationPlatforms) = preSolution
		Debug|Any CPU = Debug|Any CPU
		Release|Any CPU = Release|Any CPU
	EndGlobalSection
	GlobalSection(ProjectConfigurationPlatforms) = postSolution
		{3AC5D76F-3ED2-4FA6-99B2-0B0EFD9F78AE}.Debug|Any CPU.ActiveCfg = Debug|Any CPU
		{3AC5D76F-3ED2-4FA6-99B2-0B0EFD9F78AE}.Debug|Any CPU.Build.0 = Debug|Any CPU
		{3AC5D76F-3ED2-4FA6-99B2-0B0EFD9F78AE}.Release|Any CPU.ActiveCfg = Release|Any CPU
		{3AC5D76F-3ED2-4FA6-99B2-0B0EFD9F78AE}.Release|Any CPU.Build.0 = Release|Any CPU
	EndGlobalSection
	GlobalSection(SolutionProperties) = preSolution
		HideSolutionNode = FALSE
	EndGlobalSection
	GlobalSection(ExtensibilityGlobals) = postSolution
		SolutionGuid = {579872FC-32F2-4883-8F96-A32DF599AE29}
	EndGlobalSection
EndGlobal
