
Microsoft Visual Studio Solution File, Format Version 12.00
# Visual Studio Version 17
VisualStudioVersion = 17.9.34607.119
MinimumVisualStudioVersion = 10.0.40219.1
Project("{FAE04EC0-301F-11D3-BF4B-00C04F79EFBC}") = "RealEstate", "RealEstate\RealEstate.csproj", "{AE6F569E-5C33-4996-A27E-FC51D85DFEB3}"
EndProject
Global
	GlobalSection(SolutionConfigurationPlatforms) = preSolution
		Debug|Any CPU = Debug|Any CPU
		Release|Any CPU = Release|Any CPU
	EndGlobalSection
	GlobalSection(ProjectConfigurationPlatforms) = postSolution
		{AE6F569E-5C33-4996-A27E-FC51D85DFEB3}.Debug|Any CPU.ActiveCfg = Debug|Any CPU
		{AE6F569E-5C33-4996-A27E-FC51D85DFEB3}.Debug|Any CPU.Build.0 = Debug|Any CPU
		{AE6F569E-5C33-4996-A27E-FC51D85DFEB3}.Release|Any CPU.ActiveCfg = Release|Any CPU
		{AE6F569E-5C33-4996-A27E-FC51D85DFEB3}.Release|Any CPU.Build.0 = Release|Any CPU
	EndGlobalSection
	GlobalSection(SolutionProperties) = preSolution
		HideSolutionNode = FALSE
	EndGlobalSection
	GlobalSection(ExtensibilityGlobals) = postSolution
		SolutionGuid = {6A5724EC-F9DB-44BC-9339-252CB35CDF50}
	EndGlobalSection
EndGlobal
