
Microsoft Visual Studio Solution File, Format Version 12.00
# Visual Studio Version 17
VisualStudioVersion = 17.9.34607.119
MinimumVisualStudioVersion = 10.0.40219.1
Project("{FAE04EC0-301F-11D3-BF4B-00C04F79EFBC}") = "WpfApp1", "WpfApp1\WpfApp1.csproj", "{C5EBB2F2-71C5-4C20-897B-EB94509A9245}"
EndProject
Global
	GlobalSection(SolutionConfigurationPlatforms) = preSolution
		Debug|Any CPU = Debug|Any CPU
		Release|Any CPU = Release|Any CPU
	EndGlobalSection
	GlobalSection(ProjectConfigurationPlatforms) = postSolution
		{C5EBB2F2-71C5-4C20-897B-EB94509A9245}.Debug|Any CPU.ActiveCfg = Debug|Any CPU
		{C5EBB2F2-71C5-4C20-897B-EB94509A9245}.Debug|Any CPU.Build.0 = Debug|Any CPU
		{C5EBB2F2-71C5-4C20-897B-EB94509A9245}.Release|Any CPU.ActiveCfg = Release|Any CPU
		{C5EBB2F2-71C5-4C20-897B-EB94509A9245}.Release|Any CPU.Build.0 = Release|Any CPU
	EndGlobalSection
	GlobalSection(SolutionProperties) = preSolution
		HideSolutionNode = FALSE
	EndGlobalSection
	GlobalSection(ExtensibilityGlobals) = postSolution
		SolutionGuid = {496E7148-0A0D-4329-A3B5-94A823F6DD0A}
	EndGlobalSection
EndGlobal
