
Microsoft Visual Studio Solution File, Format Version 12.00
# Visual Studio Version 17
VisualStudioVersion = 17.9.34607.119
MinimumVisualStudioVersion = 10.0.40219.1
Project("{FAE04EC0-301F-11D3-BF4B-00C04F79EFBC}") = "Futóverseny", "Futóverseny\Futóverseny.csproj", "{FC13B11B-4EA1-426C-923A-579EEA9838CC}"
EndProject
Global
	GlobalSection(SolutionConfigurationPlatforms) = preSolution
		Debug|Any CPU = Debug|Any CPU
		Release|Any CPU = Release|Any CPU
	EndGlobalSection
	GlobalSection(ProjectConfigurationPlatforms) = postSolution
		{FC13B11B-4EA1-426C-923A-579EEA9838CC}.Debug|Any CPU.ActiveCfg = Debug|Any CPU
		{FC13B11B-4EA1-426C-923A-579EEA9838CC}.Debug|Any CPU.Build.0 = Debug|Any CPU
		{FC13B11B-4EA1-426C-923A-579EEA9838CC}.Release|Any CPU.ActiveCfg = Release|Any CPU
		{FC13B11B-4EA1-426C-923A-579EEA9838CC}.Release|Any CPU.Build.0 = Release|Any CPU
	EndGlobalSection
	GlobalSection(SolutionProperties) = preSolution
		HideSolutionNode = FALSE
	EndGlobalSection
	GlobalSection(ExtensibilityGlobals) = postSolution
		SolutionGuid = {CBF22E09-9A65-4929-A5A2-D992F776A447}
	EndGlobalSection
EndGlobal
