
Microsoft Visual Studio Solution File, Format Version 12.00
# Visual Studio Version 17
VisualStudioVersion = 17.7.34031.279
MinimumVisualStudioVersion = 10.0.40219.1
Project("{FAE04EC0-301F-11D3-BF4B-00C04F79EFBC}") = "negy-ot", "negy-ot\negy-ot.csproj", "{CAEC7AC3-CDEA-43ED-9CB7-2F684709C961}"
EndProject
Global
	GlobalSection(SolutionConfigurationPlatforms) = preSolution
		Debug|Any CPU = Debug|Any CPU
		Release|Any CPU = Release|Any CPU
	EndGlobalSection
	GlobalSection(ProjectConfigurationPlatforms) = postSolution
		{CAEC7AC3-CDEA-43ED-9CB7-2F684709C961}.Debug|Any CPU.ActiveCfg = Debug|Any CPU
		{CAEC7AC3-CDEA-43ED-9CB7-2F684709C961}.Debug|Any CPU.Build.0 = Debug|Any CPU
		{CAEC7AC3-CDEA-43ED-9CB7-2F684709C961}.Release|Any CPU.ActiveCfg = Release|Any CPU
		{CAEC7AC3-CDEA-43ED-9CB7-2F684709C961}.Release|Any CPU.Build.0 = Release|Any CPU
	EndGlobalSection
	GlobalSection(SolutionProperties) = preSolution
		HideSolutionNode = FALSE
	EndGlobalSection
	GlobalSection(ExtensibilityGlobals) = postSolution
		SolutionGuid = {2450B4A2-B4E0-4CD5-94A8-D3B5B88F7629}
	EndGlobalSection
EndGlobal
