
Microsoft Visual Studio Solution File, Format Version 12.00
# Visual Studio Version 17
VisualStudioVersion = 17.9.34607.119
MinimumVisualStudioVersion = 10.0.40219.1
Project("{FAE04EC0-301F-11D3-BF4B-00C04F79EFBC}") = "50 LINQ Examples", "50 LINQ Examples\50 LINQ Examples.csproj", "{0129F692-85C4-42D1-B3B4-91CD591F44CC}"
EndProject
Global
	GlobalSection(SolutionConfigurationPlatforms) = preSolution
		Debug|Any CPU = Debug|Any CPU
		Release|Any CPU = Release|Any CPU
	EndGlobalSection
	GlobalSection(ProjectConfigurationPlatforms) = postSolution
		{0129F692-85C4-42D1-B3B4-91CD591F44CC}.Debug|Any CPU.ActiveCfg = Debug|Any CPU
		{0129F692-85C4-42D1-B3B4-91CD591F44CC}.Debug|Any CPU.Build.0 = Debug|Any CPU
		{0129F692-85C4-42D1-B3B4-91CD591F44CC}.Release|Any CPU.ActiveCfg = Release|Any CPU
		{0129F692-85C4-42D1-B3B4-91CD591F44CC}.Release|Any CPU.Build.0 = Release|Any CPU
	EndGlobalSection
	GlobalSection(SolutionProperties) = preSolution
		HideSolutionNode = FALSE
	EndGlobalSection
	GlobalSection(ExtensibilityGlobals) = postSolution
		SolutionGuid = {AD857761-4368-4870-80B2-19E32B1C446C}
	EndGlobalSection
EndGlobal
