
Microsoft Visual Studio Solution File, Format Version 12.00
# Visual Studio Version 16
VisualStudioVersion = 16.0.33801.447
MinimumVisualStudioVersion = 10.0.40219.1
Project("{FAE04EC0-301F-11D3-BF4B-00C04F79EFBC}") = "VizibicikliKolcsonzo", "VizibicikliKolcsonzo\VizibicikliKolcsonzo.csproj", "{497D8E45-2EC5-44C3-9723-3CF9843EFDFD}"
EndProject
Global
	GlobalSection(SolutionConfigurationPlatforms) = preSolution
		Debug|Any CPU = Debug|Any CPU
		Release|Any CPU = Release|Any CPU
	EndGlobalSection
	GlobalSection(ProjectConfigurationPlatforms) = postSolution
		{497D8E45-2EC5-44C3-9723-3CF9843EFDFD}.Debug|Any CPU.ActiveCfg = Debug|Any CPU
		{497D8E45-2EC5-44C3-9723-3CF9843EFDFD}.Debug|Any CPU.Build.0 = Debug|Any CPU
		{497D8E45-2EC5-44C3-9723-3CF9843EFDFD}.Release|Any CPU.ActiveCfg = Release|Any CPU
		{497D8E45-2EC5-44C3-9723-3CF9843EFDFD}.Release|Any CPU.Build.0 = Release|Any CPU
	EndGlobalSection
	GlobalSection(SolutionProperties) = preSolution
		HideSolutionNode = FALSE
	EndGlobalSection
	GlobalSection(ExtensibilityGlobals) = postSolution
		SolutionGuid = {D13CA642-11DF-458F-90D9-B5A82A9309F3}
	EndGlobalSection
EndGlobal
