
Microsoft Visual Studio Solution File, Format Version 12.00
# Visual Studio Version 16
VisualStudioVersion = 16.0.33801.447
MinimumVisualStudioVersion = 10.0.40219.1
Project("{FAE04EC0-301F-11D3-BF4B-00C04F79EFBC}") = "TaskManagerWPF", "TaskManagerWPF\TaskManagerWPF.csproj", "{94DCEBCB-0A8F-473F-9297-8FC00D23681E}"
EndProject
Global
	GlobalSection(SolutionConfigurationPlatforms) = preSolution
		Debug|Any CPU = Debug|Any CPU
		Release|Any CPU = Release|Any CPU
	EndGlobalSection
	GlobalSection(ProjectConfigurationPlatforms) = postSolution
		{94DCEBCB-0A8F-473F-9297-8FC00D23681E}.Debug|Any CPU.ActiveCfg = Debug|Any CPU
		{94DCEBCB-0A8F-473F-9297-8FC00D23681E}.Debug|Any CPU.Build.0 = Debug|Any CPU
		{94DCEBCB-0A8F-473F-9297-8FC00D23681E}.Release|Any CPU.ActiveCfg = Release|Any CPU
		{94DCEBCB-0A8F-473F-9297-8FC00D23681E}.Release|Any CPU.Build.0 = Release|Any CPU
	EndGlobalSection
	GlobalSection(SolutionProperties) = preSolution
		HideSolutionNode = FALSE
	EndGlobalSection
	GlobalSection(ExtensibilityGlobals) = postSolution
		SolutionGuid = {A40CC591-E6F2-42BE-A83A-5FB030DCB192}
	EndGlobalSection
EndGlobal
