
Microsoft Visual Studio Solution File, Format Version 12.00
# Visual Studio Version 17
VisualStudioVersion = 17.9.34607.119
MinimumVisualStudioVersion = 10.0.40219.1
Project("{FAE04EC0-301F-11D3-BF4B-00C04F79EFBC}") = "Pars2012", "Pars2012\Pars2012.csproj", "{F1DF7513-AA88-4EAE-8D93-5C2A112EBCE6}"
EndProject
Global
	GlobalSection(SolutionConfigurationPlatforms) = preSolution
		Debug|Any CPU = Debug|Any CPU
		Release|Any CPU = Release|Any CPU
	EndGlobalSection
	GlobalSection(ProjectConfigurationPlatforms) = postSolution
		{F1DF7513-AA88-4EAE-8D93-5C2A112EBCE6}.Debug|Any CPU.ActiveCfg = Debug|Any CPU
		{F1DF7513-AA88-4EAE-8D93-5C2A112EBCE6}.Debug|Any CPU.Build.0 = Debug|Any CPU
		{F1DF7513-AA88-4EAE-8D93-5C2A112EBCE6}.Release|Any CPU.ActiveCfg = Release|Any CPU
		{F1DF7513-AA88-4EAE-8D93-5C2A112EBCE6}.Release|Any CPU.Build.0 = Release|Any CPU
	EndGlobalSection
	GlobalSection(SolutionProperties) = preSolution
		HideSolutionNode = FALSE
	EndGlobalSection
	GlobalSection(ExtensibilityGlobals) = postSolution
		SolutionGuid = {E0ED135E-F19C-46CB-9D18-93BAE4C81AA4}
	EndGlobalSection
EndGlobal
